
Microsoft Visual Studio Solution File, Format Version 12.00
# Visual Studio Version 17
VisualStudioVersion = 17.9.34616.47
MinimumVisualStudioVersion = 10.0.40219.1
Project("{FAE04EC0-301F-11D3-BF4B-00C04F79EFBC}") = "MaskeTakip.WorkAround", "MaskeTakip.WorkAround\MaskeTakip.WorkAround.csproj", "{0CAA821F-F88A-4683-AAD3-F468E56F5E5C}"
EndProject
Project("{FAE04EC0-301F-11D3-BF4B-00C04F79EFBC}") = "MaskeTakip.Business", "MaskeTakip.Business\MaskeTakip.Business.csproj", "{355737BC-4574-4B74-BB3E-6FF95019BE71}"
EndProject
Project("{FAE04EC0-301F-11D3-BF4B-00C04F79EFBC}") = "MaskeTakip.Entities", "MaskeTakip.Entities\MaskeTakip.Entities.csproj", "{BE5FFBB2-C41F-4D80-98A9-6138F0D9AC82}"
EndProject
Global
	GlobalSection(SolutionConfigurationPlatforms) = preSolution
		Debug|Any CPU = Debug|Any CPU
		Release|Any CPU = Release|Any CPU
	EndGlobalSection
	GlobalSection(ProjectConfigurationPlatforms) = postSolution
		{0CAA821F-F88A-4683-AAD3-F468E56F5E5C}.Debug|Any CPU.ActiveCfg = Debug|Any CPU
		{0CAA821F-F88A-4683-AAD3-F468E56F5E5C}.Debug|Any CPU.Build.0 = Debug|Any CPU
		{0CAA821F-F88A-4683-AAD3-F468E56F5E5C}.Release|Any CPU.ActiveCfg = Release|Any CPU
		{0CAA821F-F88A-4683-AAD3-F468E56F5E5C}.Release|Any CPU.Build.0 = Release|Any CPU
		{355737BC-4574-4B74-BB3E-6FF95019BE71}.Debug|Any CPU.ActiveCfg = Debug|Any CPU
		{355737BC-4574-4B74-BB3E-6FF95019BE71}.Debug|Any CPU.Build.0 = Debug|Any CPU
		{355737BC-4574-4B74-BB3E-6FF95019BE71}.Release|Any CPU.ActiveCfg = Release|Any CPU
		{355737BC-4574-4B74-BB3E-6FF95019BE71}.Release|Any CPU.Build.0 = Release|Any CPU
		{BE5FFBB2-C41F-4D80-98A9-6138F0D9AC82}.Debug|Any CPU.ActiveCfg = Debug|Any CPU
		{BE5FFBB2-C41F-4D80-98A9-6138F0D9AC82}.Debug|Any CPU.Build.0 = Debug|Any CPU
		{BE5FFBB2-C41F-4D80-98A9-6138F0D9AC82}.Release|Any CPU.ActiveCfg = Release|Any CPU
		{BE5FFBB2-C41F-4D80-98A9-6138F0D9AC82}.Release|Any CPU.Build.0 = Release|Any CPU
	EndGlobalSection
	GlobalSection(SolutionProperties) = preSolution
		HideSolutionNode = FALSE
	EndGlobalSection
	GlobalSection(ExtensibilityGlobals) = postSolution
		SolutionGuid = {7EE56215-656A-4F89-A582-42F68A7C6AC3}
	EndGlobalSection
EndGlobal
